
Microsoft Visual Studio Solution File, Format Version 12.00
# Visual Studio Version 16
VisualStudioVersion = 16.0.31424.327
MinimumVisualStudioVersion = 10.0.40219.1
Project("{FAE04EC0-301F-11D3-BF4B-00C04F79EFBC}") = "WebApplication2", "WebApplication2\WebApplication2.csproj", "{2D3F20C1-E9F4-4716-8BF9-BA8A29D092F4}"
EndProject
Project("{FAE04EC0-301F-11D3-BF4B-00C04F79EFBC}") = "Broker", "Broker\Broker.csproj", "{57D2C3B8-FB66-47FC-A601-3AA0F205D84A}"
EndProject
Global
	GlobalSection(SolutionConfigurationPlatforms) = preSolution
		Debug|Any CPU = Debug|Any CPU
		Release|Any CPU = Release|Any CPU
	EndGlobalSection
	GlobalSection(ProjectConfigurationPlatforms) = postSolution
		{2D3F20C1-E9F4-4716-8BF9-BA8A29D092F4}.Debug|Any CPU.ActiveCfg = Debug|Any CPU
		{2D3F20C1-E9F4-4716-8BF9-BA8A29D092F4}.Debug|Any CPU.Build.0 = Debug|Any CPU
		{2D3F20C1-E9F4-4716-8BF9-BA8A29D092F4}.Release|Any CPU.ActiveCfg = Release|Any CPU
		{2D3F20C1-E9F4-4716-8BF9-BA8A29D092F4}.Release|Any CPU.Build.0 = Release|Any CPU
		{57D2C3B8-FB66-47FC-A601-3AA0F205D84A}.Debug|Any CPU.ActiveCfg = Debug|Any CPU
		{57D2C3B8-FB66-47FC-A601-3AA0F205D84A}.Debug|Any CPU.Build.0 = Debug|Any CPU
		{57D2C3B8-FB66-47FC-A601-3AA0F205D84A}.Release|Any CPU.ActiveCfg = Release|Any CPU
		{57D2C3B8-FB66-47FC-A601-3AA0F205D84A}.Release|Any CPU.Build.0 = Release|Any CPU
	EndGlobalSection
	GlobalSection(SolutionProperties) = preSolution
		HideSolutionNode = FALSE
	EndGlobalSection
	GlobalSection(ExtensibilityGlobals) = postSolution
		SolutionGuid = {2D2F58F9-01B3-4BD2-88C2-952149A6E285}
	EndGlobalSection
EndGlobal
